github.com/fdev-ci/golang-plugin-sdk v0.0.0-20201127054210-34a8bc7188df h1:LgVShcoe4l9oUPQw0jLdBnTcmTV1B5A0Cmp4AKVurq0=
github.com/fdev-ci/golang-plugin-sdk v0.0.0-20201127054210-34a8bc7188df/go.mod h1:rFGI++1YxU6uAwJtbG3ZTJEr1dBBeZllUTov917Skik=
github.com/fdev-ci/golang-plugin-sdk v0.0.0-20201222095048-595cba0a5912 h1:hQouBb1CSfoV6RCUgygoKlBr/M05ppUuVWxJiWNgeLE=
github.com/fdev-ci/golang-plugin-sdk v0.0.0-20201222095048-595cba0a5912/go.mod h1:rFGI++1YxU6uAwJtbG3ZTJEr1dBBeZllUTov917Skik=
